
Microsoft Visual Studio Solution File, Format Version 12.00
# Visual Studio 15
VisualStudioVersion = 15.0.27428.2002
MinimumVisualStudioVersion = 10.0.40219.1
Project("{FAE04EC0-301F-11D3-BF4B-00C04F79EFBC}") = "ContosoUniversity", "ContosoUniversity\ContosoUniversity.csproj", "{3C329550-A9DF-4921-A073-5CC9B6730AD3}"
EndProject
Global
	GlobalSection(SolutionConfigurationPlatforms) = preSolution
		Debug|Any CPU = Debug|Any CPU
		Release|Any CPU = Release|Any CPU
	EndGlobalSection
	GlobalSection(ProjectConfigurationPlatforms) = postSolution
		{3C329550-A9DF-4921-A073-5CC9B6730AD3}.Debug|Any CPU.ActiveCfg = Debug|Any CPU
		{3C329550-A9DF-4921-A073-5CC9B6730AD3}.Debug|Any CPU.Build.0 = Debug|Any CPU
		{3C329550-A9DF-4921-A073-5CC9B6730AD3}.Release|Any CPU.ActiveCfg = Release|Any CPU
		{3C329550-A9DF-4921-A073-5CC9B6730AD3}.Release|Any CPU.Build.0 = Release|Any CPU
	EndGlobalSection
	GlobalSection(SolutionProperties) = preSolution
		HideSolutionNode = FALSE
	EndGlobalSection
	GlobalSection(ExtensibilityGlobals) = postSolution
		SolutionGuid = {267C37A0-31DD-4398-8F89-127F936FBC32}
	EndGlobalSection
EndGlobal
